
Microsoft Visual Studio Solution File, Format Version 12.00
# Visual Studio Version 17
VisualStudioVersion = 17.1.32119.435
MinimumVisualStudioVersion = 10.0.40219.1
Project("{9A19103F-16F7-4668-BE54-9A1E7A4F7556}") = "Wanderland.Web.Client", "Wanderland.Web\Client\Wanderland.Web.Client.csproj", "{D3617CC8-6324-41C7-8FCB-570C497BE42E}"
EndProject
Project("{9A19103F-16F7-4668-BE54-9A1E7A4F7556}") = "Wanderland.Web.Server", "Wanderland.Web\Server\Wanderland.Web.Server.csproj", "{CE5E6E8C-A80B-4E6A-B039-652A53B88B0B}"
EndProject
Project("{9A19103F-16F7-4668-BE54-9A1E7A4F7556}") = "Wanderland.Web.Shared", "Wanderland.Web\Shared\Wanderland.Web.Shared.csproj", "{C408604F-349F-4E33-BE11-4EA776FDCF38}"
EndProject
Project("{2150E333-8FDC-42A3-9474-1A3956D46DE8}") = "Solution Items", "Solution Items", "{3627DCE8-F0A8-4250-AE98-3EAF2BF2DF42}"
	ProjectSection(SolutionItems) = preProject
		.editorconfig = .editorconfig
	EndProjectSection
EndProject
Global
	GlobalSection(SolutionConfigurationPlatforms) = preSolution
		Debug|Any CPU = Debug|Any CPU
		Release|Any CPU = Release|Any CPU
	EndGlobalSection
	GlobalSection(ProjectConfigurationPlatforms) = postSolution
		{D3617CC8-6324-41C7-8FCB-570C497BE42E}.Debug|Any CPU.ActiveCfg = Debug|Any CPU
		{D3617CC8-6324-41C7-8FCB-570C497BE42E}.Debug|Any CPU.Build.0 = Debug|Any CPU
		{D3617CC8-6324-41C7-8FCB-570C497BE42E}.Release|Any CPU.ActiveCfg = Release|Any CPU
		{D3617CC8-6324-41C7-8FCB-570C497BE42E}.Release|Any CPU.Build.0 = Release|Any CPU
		{CE5E6E8C-A80B-4E6A-B039-652A53B88B0B}.Debug|Any CPU.ActiveCfg = Debug|Any CPU
		{CE5E6E8C-A80B-4E6A-B039-652A53B88B0B}.Debug|Any CPU.Build.0 = Debug|Any CPU
		{CE5E6E8C-A80B-4E6A-B039-652A53B88B0B}.Release|Any CPU.ActiveCfg = Release|Any CPU
		{CE5E6E8C-A80B-4E6A-B039-652A53B88B0B}.Release|Any CPU.Build.0 = Release|Any CPU
		{C408604F-349F-4E33-BE11-4EA776FDCF38}.Debug|Any CPU.ActiveCfg = Debug|Any CPU
		{C408604F-349F-4E33-BE11-4EA776FDCF38}.Debug|Any CPU.Build.0 = Debug|Any CPU
		{C408604F-349F-4E33-BE11-4EA776FDCF38}.Release|Any CPU.ActiveCfg = Release|Any CPU
		{C408604F-349F-4E33-BE11-4EA776FDCF38}.Release|Any CPU.Build.0 = Release|Any CPU
	EndGlobalSection
	GlobalSection(SolutionProperties) = preSolution
		HideSolutionNode = FALSE
	EndGlobalSection
	GlobalSection(ExtensibilityGlobals) = postSolution
		SolutionGuid = {AE4C699E-1917-40AE-B938-3C855DA4CF12}
	EndGlobalSection
EndGlobal
